
Microsoft Visual Studio Solution File, Format Version 12.00
# Visual Studio Version 16
VisualStudioVersion = 16.0.31205.134
MinimumVisualStudioVersion = 10.0.40219.1
Project("{9A19103F-16F7-4668-BE54-9A1E7A4F7556}") = "WateringSystem", "WateringSystem.csproj", "{5559C535-D5E4-4B68-87C4-C93A8121CD5A}"
EndProject
Global
	GlobalSection(SolutionConfigurationPlatforms) = preSolution
		Debug|Any CPU = Debug|Any CPU
		Release|Any CPU = Release|Any CPU
	EndGlobalSection
	GlobalSection(ProjectConfigurationPlatforms) = postSolution
		{5559C535-D5E4-4B68-87C4-C93A8121CD5A}.Debug|Any CPU.ActiveCfg = Debug|Any CPU
		{5559C535-D5E4-4B68-87C4-C93A8121CD5A}.Debug|Any CPU.Build.0 = Debug|Any CPU
		{5559C535-D5E4-4B68-87C4-C93A8121CD5A}.Release|Any CPU.ActiveCfg = Release|Any CPU
		{5559C535-D5E4-4B68-87C4-C93A8121CD5A}.Release|Any CPU.Build.0 = Release|Any CPU
	EndGlobalSection
	GlobalSection(SolutionProperties) = preSolution
		HideSolutionNode = FALSE
	EndGlobalSection
	GlobalSection(ExtensibilityGlobals) = postSolution
		SolutionGuid = {ED76012A-8B03-4E69-BA31-7971F571E355}
	EndGlobalSection
EndGlobal
